
Microsoft Visual Studio Solution File, Format Version 12.00
# Visual Studio Version 16
VisualStudioVersion = 16.0.30320.27
MinimumVisualStudioVersion = 10.0.40219.1
Project("{FAE04EC0-301F-11D3-BF4B-00C04F79EFBC}") = "Complain_System", "Complain System\Complain_System.csproj", "{945772B9-5436-4A5D-850C-89E6E6490F3C}"
EndProject
Global
	GlobalSection(SolutionConfigurationPlatforms) = preSolution
		Debug|Any CPU = Debug|Any CPU
		Release|Any CPU = Release|Any CPU
	EndGlobalSection
	GlobalSection(ProjectConfigurationPlatforms) = postSolution
		{945772B9-5436-4A5D-850C-89E6E6490F3C}.Debug|Any CPU.ActiveCfg = Debug|Any CPU
		{945772B9-5436-4A5D-850C-89E6E6490F3C}.Debug|Any CPU.Build.0 = Debug|Any CPU
		{945772B9-5436-4A5D-850C-89E6E6490F3C}.Release|Any CPU.ActiveCfg = Release|Any CPU
		{945772B9-5436-4A5D-850C-89E6E6490F3C}.Release|Any CPU.Build.0 = Release|Any CPU
	EndGlobalSection
	GlobalSection(SolutionProperties) = preSolution
		HideSolutionNode = FALSE
	EndGlobalSection
	GlobalSection(ExtensibilityGlobals) = postSolution
		SolutionGuid = {BF65DB8A-B312-4B45-B5D1-AE920A4C25B4}
	EndGlobalSection
EndGlobal
